// !$*UTF8*$!
{
	archiveVersion = 1;
	classes = {
	};
	objectVersion = 50;
	objects = {

/* Begin PBXBuildFile section */
		7399693525E1FF0800AE3215 /* AppDelegate.swift in Sources */ = {isa = PBXBuildFile; fileRef = 7399693425E1FF0800AE3215 /* AppDelegate.swift */; };
		7399693725E1FF0800AE3215 /* SceneDelegate.swift in Sources */ = {isa = PBXBuildFile; fileRef = 7399693625E1FF0800AE3215 /* SceneDelegate.swift */; };
		7399693925E1FF0800AE3215 /* ViewController.swift in Sources */ = {isa = PBXBuildFile; fileRef = 7399693825E1FF0800AE3215 /* ViewController.swift */; };
		7399693C25E1FF0800AE3215 /* Main.storyboard in Resources */ = {isa = PBXBuildFile; fileRef = 7399693A25E1FF0800AE3215 /* Main.storyboard */; };
		7399693E25E1FF0900AE3215 /* Assets.xcassets in Resources */ = {isa = PBXBuildFile; fileRef = 7399693D25E1FF0900AE3215 /* Assets.xcassets */; };
		7399694125E1FF0900AE3215 /* LaunchScreen.storyboard in Resources */ = {isa = PBXBuildFile; fileRef = 7399693F25E1FF0900AE3215 /* LaunchScreen.storyboard */; };
		7399694A25E208AA00AE3215 /* Vertex.swift in Sources */ = {isa = PBXBuildFile; fileRef = 7399694925E208AA00AE3215 /* Vertex.swift */; };
		B91F39FE261BC1D20039FCBE /* Building.swift in Sources */ = {isa = PBXBuildFile; fileRef = B91F39FD261BC1D20039FCBE /* Building.swift */; };
		B91F3A01261BE9000039FCBE /* SelfishBuilding.swift in Sources */ = {isa = PBXBuildFile; fileRef = B91F3A00261BE9000039FCBE /* SelfishBuilding.swift */; };
		B91F3A04261BFEC20039FCBE /* LonerBuilding.swift in Sources */ = {isa = PBXBuildFile; fileRef = B91F3A03261BFEC20039FCBE /* LonerBuilding.swift */; };
		B91F3A07261BFED90039FCBE /* LeaderBuilding.swift in Sources */ = {isa = PBXBuildFile; fileRef = B91F3A06261BFED90039FCBE /* LeaderBuilding.swift */; };
		B91F3A0A261BFFD10039FCBE /* EmpowerBuilding.swift in Sources */ = {isa = PBXBuildFile; fileRef = B91F3A09261BFFD10039FCBE /* EmpowerBuilding.swift */; };
		B91F3A0D261C01E60039FCBE /* DebuffBuilding.swift in Sources */ = {isa = PBXBuildFile; fileRef = B91F3A0C261C01E60039FCBE /* DebuffBuilding.swift */; };
		B91F3A10261C03C70039FCBE /* CopyBuilding.swift in Sources */ = {isa = PBXBuildFile; fileRef = B91F3A0F261C03C70039FCBE /* CopyBuilding.swift */; };
		B91F3A13261C04150039FCBE /* DemolishBuilding.swift in Sources */ = {isa = PBXBuildFile; fileRef = B91F3A12261C04150039FCBE /* DemolishBuilding.swift */; };
		B946C0A1261D499C002A33BB /* BuildingsManager.swift in Sources */ = {isa = PBXBuildFile; fileRef = B946C0A0261D499C002A33BB /* BuildingsManager.swift */; };
		B9E81C4625EF2E8C00176E20 /* Grid.swift in Sources */ = {isa = PBXBuildFile; fileRef = B9E81C4525EF2E8C00176E20 /* Grid.swift */; };
		FA13484F261C1B4500B8BA2C /* Collision.swift in Sources */ = {isa = PBXBuildFile; fileRef = FA13484E261C1B4500B8BA2C /* Collision.swift */; };
		FA2DEC3B26159CBD003138BA /* Renderer.mm in Sources */ = {isa = PBXBuildFile; fileRef = FA2DEC3626159CBD003138BA /* Renderer.mm */; };
		FA2DEC3C26159CBD003138BA /* Shader.fsh in Resources */ = {isa = PBXBuildFile; fileRef = FA2DEC3726159CBD003138BA /* Shader.fsh */; };
		FA2DEC3D26159CBD003138BA /* Shader.vsh in Resources */ = {isa = PBXBuildFile; fileRef = FA2DEC3826159CBD003138BA /* Shader.vsh */; };
		FA2DEC3E26159CBD003138BA /* GLESRenderer.cpp in Sources */ = {isa = PBXBuildFile; fileRef = FA2DEC3A26159CBD003138BA /* GLESRenderer.cpp */; };
		FA44F3E52624059E009835FF /* GameObject.swift in Sources */ = {isa = PBXBuildFile; fileRef = FA44F3E42624059E009835FF /* GameObject.swift */; };
		FA44F3E8262406B3009835FF /* MoveAnimation.swift in Sources */ = {isa = PBXBuildFile; fileRef = FA44F3E7262406B3009835FF /* MoveAnimation.swift */; };
		FA44F3EB26240963009835FF /* Utils.swift in Sources */ = {isa = PBXBuildFile; fileRef = FA44F3EA26240963009835FF /* Utils.swift */; };
		FA8811E82616865E0045B752 /* texRed.png in Resources */ = {isa = PBXBuildFile; fileRef = FA8811E52616865E0045B752 /* texRed.png */; };
		FA8811E92616865E0045B752 /* texBlue.png in Resources */ = {isa = PBXBuildFile; fileRef = FA8811E62616865E0045B752 /* texBlue.png */; };
		FA8811EA2616865E0045B752 /* texGreen.png in Resources */ = {isa = PBXBuildFile; fileRef = FA8811E72616865E0045B752 /* texGreen.png */; };
		FA9E6440261D9CA20066C985 /* AudioToolbox.framework in Frameworks */ = {isa = PBXBuildFile; fileRef = FA9E643F261D9CA20066C985 /* AudioToolbox.framework */; };
		FA9E6442261D9CAF0066C985 /* AVFoundation.framework in Frameworks */ = {isa = PBXBuildFile; fileRef = FA9E6441261D9CAF0066C985 /* AVFoundation.framework */; };
		FAA0E4D6261D8A430087A2DE /* Sounds in Resources */ = {isa = PBXBuildFile; fileRef = FAA0E4D5261D8A430087A2DE /* Sounds */; };
		FABC69F72614EC370021BB95 /* SRenderer.swift in Sources */ = {isa = PBXBuildFile; fileRef = FABC69F62614EC370021BB95 /* SRenderer.swift */; };
		FAC70C0A25ECC386005B6A38 /* rook.obj in Resources */ = {isa = PBXBuildFile; fileRef = FAC70C0925ECC386005B6A38 /* rook.obj */; };
		FACAF96C262E3135005BC2B6 /* BuildAnimation2.swift in Sources */ = {isa = PBXBuildFile; fileRef = FACAF96B262E3135005BC2B6 /* BuildAnimation2.swift */; };
		FACAF96F262E31B2005BC2B6 /* ParticleSystem.swift in Sources */ = {isa = PBXBuildFile; fileRef = FACAF96E262E31B2005BC2B6 /* ParticleSystem.swift */; };
		FAE2B13025E618F2008E38F3 /* stonewall.png in Resources */ = {isa = PBXBuildFile; fileRef = FAE2B12F25E618F2008E38F3 /* stonewall.png */; };
		FAE4C460261FA43E00DA8A40 /* justWhite.png in Resources */ = {isa = PBXBuildFile; fileRef = FAE4C45F261FA43E00DA8A40 /* justWhite.png */; };
		FAE4C463261FAC0100DA8A40 /* ParticleGroup.swift in Sources */ = {isa = PBXBuildFile; fileRef = FAE4C462261FAC0100DA8A40 /* ParticleGroup.swift */; };
		FAE6B07E261D98A1005DE449 /* tex_6.png in Resources */ = {isa = PBXBuildFile; fileRef = FAE6B07B261D98A1005DE449 /* tex_6.png */; };
		FAE6B07F261D98A1005DE449 /* tex_4.png in Resources */ = {isa = PBXBuildFile; fileRef = FAE6B07C261D98A1005DE449 /* tex_4.png */; };
		FAE6B080261D98A1005DE449 /* tex_5.png in Resources */ = {isa = PBXBuildFile; fileRef = FAE6B07D261D98A1005DE449 /* tex_5.png */; };
		FAE6B084261D9A24005DE449 /* gradient.png in Resources */ = {isa = PBXBuildFile; fileRef = FAE6B083261D9A24005DE449 /* gradient.png */; };
/* End PBXBuildFile section */

/* Begin PBXFileReference section */
		7399693125E1FF0800AE3215 /* BricksAndBones.app */ = {isa = PBXFileReference; explicitFileType = wrapper.application; includeInIndex = 0; path = BricksAndBones.app; sourceTree = BUILT_PRODUCTS_DIR; };
		7399693425E1FF0800AE3215 /* AppDelegate.swift */ = {isa = PBXFileReference; lastKnownFileType = sourcecode.swift; path = AppDelegate.swift; sourceTree = "<group>"; };
		7399693625E1FF0800AE3215 /* SceneDelegate.swift */ = {isa = PBXFileReference; lastKnownFileType = sourcecode.swift; path = SceneDelegate.swift; sourceTree = "<group>"; };
		7399693825E1FF0800AE3215 /* ViewController.swift */ = {isa = PBXFileReference; lastKnownFileType = sourcecode.swift; path = ViewController.swift; sourceTree = "<group>"; };
		7399693B25E1FF0800AE3215 /* Base */ = {isa = PBXFileReference; lastKnownFileType = file.storyboard; name = Base; path = Base.lproj/Main.storyboard; sourceTree = "<group>"; };
		7399693D25E1FF0900AE3215 /* Assets.xcassets */ = {isa = PBXFileReference; lastKnownFileType = folder.assetcatalog; path = Assets.xcassets; sourceTree = "<group>"; };
		7399694025E1FF0900AE3215 /* Base */ = {isa = PBXFileReference; lastKnownFileType = file.storyboard; name = Base; path = Base.lproj/LaunchScreen.storyboard; sourceTree = "<group>"; };
		7399694225E1FF0900AE3215 /* Info.plist */ = {isa = PBXFileReference; lastKnownFileType = text.plist.xml; path = Info.plist; sourceTree = "<group>"; };
		7399694925E208AA00AE3215 /* Vertex.swift */ = {isa = PBXFileReference; lastKnownFileType = sourcecode.swift; path = Vertex.swift; sourceTree = "<group>"; };
		B91F39FD261BC1D20039FCBE /* Building.swift */ = {isa = PBXFileReference; lastKnownFileType = sourcecode.swift; path = Building.swift; sourceTree = "<group>"; };
		B91F3A00261BE9000039FCBE /* SelfishBuilding.swift */ = {isa = PBXFileReference; lastKnownFileType = sourcecode.swift; path = SelfishBuilding.swift; sourceTree = "<group>"; };
		B91F3A03261BFEC20039FCBE /* LonerBuilding.swift */ = {isa = PBXFileReference; lastKnownFileType = sourcecode.swift; path = LonerBuilding.swift; sourceTree = "<group>"; };
		B91F3A06261BFED90039FCBE /* LeaderBuilding.swift */ = {isa = PBXFileReference; lastKnownFileType = sourcecode.swift; path = LeaderBuilding.swift; sourceTree = "<group>"; };
		B91F3A09261BFFD10039FCBE /* EmpowerBuilding.swift */ = {isa = PBXFileReference; lastKnownFileType = sourcecode.swift; path = EmpowerBuilding.swift; sourceTree = "<group>"; };
		B91F3A0C261C01E60039FCBE /* DebuffBuilding.swift */ = {isa = PBXFileReference; lastKnownFileType = sourcecode.swift; path = DebuffBuilding.swift; sourceTree = "<group>"; };
		B91F3A0F261C03C70039FCBE /* CopyBuilding.swift */ = {isa = PBXFileReference; lastKnownFileType = sourcecode.swift; path = CopyBuilding.swift; sourceTree = "<group>"; };
		B91F3A12261C04150039FCBE /* DemolishBuilding.swift */ = {isa = PBXFileReference; lastKnownFileType = sourcecode.swift; path = DemolishBuilding.swift; sourceTree = "<group>"; };
		B946C0A0261D499C002A33BB /* BuildingsManager.swift */ = {isa = PBXFileReference; lastKnownFileType = sourcecode.swift; path = BuildingsManager.swift; sourceTree = "<group>"; };
		B9E81C4525EF2E8C00176E20 /* Grid.swift */ = {isa = PBXFileReference; lastKnownFileType = sourcecode.swift; path = Grid.swift; sourceTree = "<group>"; };
		FA13484E261C1B4500B8BA2C /* Collision.swift */ = {isa = PBXFileReference; lastKnownFileType = sourcecode.swift; path = Collision.swift; sourceTree = "<group>"; };
		FA2DEC3526159CBD003138BA /* Renderer.h */ = {isa = PBXFileReference; fileEncoding = 4; lastKnownFileType = sourcecode.c.h; path = Renderer.h; sourceTree = "<group>"; };
		FA2DEC3626159CBD003138BA /* Renderer.mm */ = {isa = PBXFileReference; fileEncoding = 4; lastKnownFileType = sourcecode.cpp.objcpp; path = Renderer.mm; sourceTree = "<group>"; };
		FA2DEC3726159CBD003138BA /* Shader.fsh */ = {isa = PBXFileReference; fileEncoding = 4; lastKnownFileType = sourcecode.glsl; path = Shader.fsh; sourceTree = "<group>"; };
		FA2DEC3826159CBD003138BA /* Shader.vsh */ = {isa = PBXFileReference; fileEncoding = 4; lastKnownFileType = sourcecode.glsl; path = Shader.vsh; sourceTree = "<group>"; };
		FA2DEC3926159CBD003138BA /* GLESRenderer.hpp */ = {isa = PBXFileReference; fileEncoding = 4; lastKnownFileType = sourcecode.cpp.h; path = GLESRenderer.hpp; sourceTree = "<group>"; };
		FA2DEC3A26159CBD003138BA /* GLESRenderer.cpp */ = {isa = PBXFileReference; fileEncoding = 4; lastKnownFileType = sourcecode.cpp.cpp; path = GLESRenderer.cpp; sourceTree = "<group>"; };
		FA2DEC4026159CFA003138BA /* BricksAndBones-Bridging-Header.h */ = {isa = PBXFileReference; fileEncoding = 4; lastKnownFileType = sourcecode.c.h; path = "BricksAndBones-Bridging-Header.h"; sourceTree = "<group>"; };
		FA44F3E42624059E009835FF /* GameObject.swift */ = {isa = PBXFileReference; lastKnownFileType = sourcecode.swift; path = GameObject.swift; sourceTree = "<group>"; };
		FA44F3E7262406B3009835FF /* MoveAnimation.swift */ = {isa = PBXFileReference; lastKnownFileType = sourcecode.swift; path = MoveAnimation.swift; sourceTree = "<group>"; };
		FA44F3EA26240963009835FF /* Utils.swift */ = {isa = PBXFileReference; lastKnownFileType = sourcecode.swift; path = Utils.swift; sourceTree = "<group>"; };
		FA8811E52616865E0045B752 /* texRed.png */ = {isa = PBXFileReference; lastKnownFileType = image.png; path = texRed.png; sourceTree = "<group>"; };
		FA8811E62616865E0045B752 /* texBlue.png */ = {isa = PBXFileReference; lastKnownFileType = image.png; path = texBlue.png; sourceTree = "<group>"; };
		FA8811E72616865E0045B752 /* texGreen.png */ = {isa = PBXFileReference; lastKnownFileType = image.png; path = texGreen.png; sourceTree = "<group>"; };
		FA9E643F261D9CA20066C985 /* AudioToolbox.framework */ = {isa = PBXFileReference; lastKnownFileType = wrapper.framework; name = AudioToolbox.framework; path = System/Library/Frameworks/AudioToolbox.framework; sourceTree = SDKROOT; };
		FA9E6441261D9CAF0066C985 /* AVFoundation.framework */ = {isa = PBXFileReference; lastKnownFileType = wrapper.framework; name = AVFoundation.framework; path = System/Library/Frameworks/AVFoundation.framework; sourceTree = SDKROOT; };
		FAA0E4D5261D8A430087A2DE /* Sounds */ = {isa = PBXFileReference; lastKnownFileType = folder; path = Sounds; sourceTree = "<group>"; };
		FABC69F62614EC370021BB95 /* SRenderer.swift */ = {isa = PBXFileReference; lastKnownFileType = sourcecode.swift; path = SRenderer.swift; sourceTree = "<group>"; };
		FAC70C0925ECC386005B6A38 /* rook.obj */ = {isa = PBXFileReference; fileEncoding = 4; lastKnownFileType = text; path = rook.obj; sourceTree = "<group>"; };
		FACAF96B262E3135005BC2B6 /* BuildAnimation2.swift */ = {isa = PBXFileReference; lastKnownFileType = sourcecode.swift; path = BuildAnimation2.swift; sourceTree = "<group>"; };
		FACAF96E262E31B2005BC2B6 /* ParticleSystem.swift */ = {isa = PBXFileReference; lastKnownFileType = sourcecode.swift; path = ParticleSystem.swift; sourceTree = "<group>"; };
		FAE2B12F25E618F2008E38F3 /* stonewall.png */ = {isa = PBXFileReference; lastKnownFileType = image.png; path = stonewall.png; sourceTree = "<group>"; };
		FAE4C45F261FA43E00DA8A40 /* justWhite.png */ = {isa = PBXFileReference; lastKnownFileType = image.png; path = justWhite.png; sourceTree = "<group>"; };
		FAE4C462261FAC0100DA8A40 /* ParticleGroup.swift */ = {isa = PBXFileReference; lastKnownFileType = sourcecode.swift; path = ParticleGroup.swift; sourceTree = "<group>"; };
		FAE6B07B261D98A1005DE449 /* tex_6.png */ = {isa = PBXFileReference; lastKnownFileType = image.png; path = tex_6.png; sourceTree = "<group>"; };
		FAE6B07C261D98A1005DE449 /* tex_4.png */ = {isa = PBXFileReference; lastKnownFileType = image.png; path = tex_4.png; sourceTree = "<group>"; };
		FAE6B07D261D98A1005DE449 /* tex_5.png */ = {isa = PBXFileReference; lastKnownFileType = image.png; path = tex_5.png; sourceTree = "<group>"; };
		FAE6B083261D9A24005DE449 /* gradient.png */ = {isa = PBXFileReference; lastKnownFileType = image.png; path = gradient.png; sourceTree = "<group>"; };
/* End PBXFileReference section */

/* Begin PBXFrameworksBuildPhase section */
		7399692E25E1FF0800AE3215 /* Frameworks */ = {
			isa = PBXFrameworksBuildPhase;
			buildActionMask = 2147483647;
			files = (
				FA9E6442261D9CAF0066C985 /* AVFoundation.framework in Frameworks */,
				FA9E6440261D9CA20066C985 /* AudioToolbox.framework in Frameworks */,
			);
			runOnlyForDeploymentPostprocessing = 0;
		};
/* End PBXFrameworksBuildPhase section */

/* Begin PBXGroup section */
		7399692825E1FF0800AE3215 = {
			isa = PBXGroup;
			children = (
				7399693325E1FF0800AE3215 /* BricksAndBones */,
				7399693225E1FF0800AE3215 /* Products */,
				FA9E643E261D9CA20066C985 /* Frameworks */,
			);
			sourceTree = "<group>";
		};
		7399693225E1FF0800AE3215 /* Products */ = {
			isa = PBXGroup;
			children = (
				7399693125E1FF0800AE3215 /* BricksAndBones.app */,
			);
			name = Products;
			sourceTree = "<group>";
		};
		7399693325E1FF0800AE3215 /* BricksAndBones */ = {
			isa = PBXGroup;
			children = (
				FAE4C45F261FA43E00DA8A40 /* justWhite.png */,
				FAE6B083261D9A24005DE449 /* gradient.png */,
				FAE6B07C261D98A1005DE449 /* tex_4.png */,
				FAE6B07D261D98A1005DE449 /* tex_5.png */,
				FAE6B07B261D98A1005DE449 /* tex_6.png */,
				FAA0E4D5261D8A430087A2DE /* Sounds */,
				FA8811E62616865E0045B752 /* texBlue.png */,
				FA8811E72616865E0045B752 /* texGreen.png */,
				FA8811E52616865E0045B752 /* texRed.png */,
				FA2DEC4026159CFA003138BA /* BricksAndBones-Bridging-Header.h */,
				FA2DEC3A26159CBD003138BA /* GLESRenderer.cpp */,
				FA2DEC3926159CBD003138BA /* GLESRenderer.hpp */,
				FA2DEC3526159CBD003138BA /* Renderer.h */,
				FA2DEC3626159CBD003138BA /* Renderer.mm */,
				FA2DEC3726159CBD003138BA /* Shader.fsh */,
				FA2DEC3826159CBD003138BA /* Shader.vsh */,
				7399693425E1FF0800AE3215 /* AppDelegate.swift */,
				7399693625E1FF0800AE3215 /* SceneDelegate.swift */,
				7399693825E1FF0800AE3215 /* ViewController.swift */,
				B946C0A0261D499C002A33BB /* BuildingsManager.swift */,
				7399693A25E1FF0800AE3215 /* Main.storyboard */,
				FAF15AC225E6D25D00AB4F78 /* Models */,
				7399693D25E1FF0900AE3215 /* Assets.xcassets */,
				7399693F25E1FF0900AE3215 /* LaunchScreen.storyboard */,
				7399694225E1FF0900AE3215 /* Info.plist */,
				7399694925E208AA00AE3215 /* Vertex.swift */,
				B9E81C4525EF2E8C00176E20 /* Grid.swift */,
				B91F39FD261BC1D20039FCBE /* Building.swift */,
				B91F3A00261BE9000039FCBE /* SelfishBuilding.swift */,
				B91F3A03261BFEC20039FCBE /* LonerBuilding.swift */,
				B91F3A06261BFED90039FCBE /* LeaderBuilding.swift */,
				B91F3A09261BFFD10039FCBE /* EmpowerBuilding.swift */,
				B91F3A0F261C03C70039FCBE /* CopyBuilding.swift */,
				B91F3A12261C04150039FCBE /* DemolishBuilding.swift */,
				B91F3A0C261C01E60039FCBE /* DebuffBuilding.swift */,
				FABC69F62614EC370021BB95 /* SRenderer.swift */,
				FA13484E261C1B4500B8BA2C /* Collision.swift */,
				FAE4C462261FAC0100DA8A40 /* ParticleGroup.swift */,
				FA44F3E42624059E009835FF /* GameObject.swift */,
				FA44F3E7262406B3009835FF /* MoveAnimation.swift */,
				FA44F3EA26240963009835FF /* Utils.swift */,
				FACAF96B262E3135005BC2B6 /* BuildAnimation2.swift */,
				FACAF96E262E31B2005BC2B6 /* ParticleSystem.swift */,
			);
			path = BricksAndBones;
			sourceTree = "<group>";
		};
		FA9E643E261D9CA20066C985 /* Frameworks */ = {
			isa = PBXGroup;
			children = (
				FA9E6441261D9CAF0066C985 /* AVFoundation.framework */,
				FA9E643F261D9CA20066C985 /* AudioToolbox.framework */,
			);
			name = Frameworks;
			sourceTree = "<group>";
		};
		FAF15AC225E6D25D00AB4F78 /* Models */ = {
			isa = PBXGroup;
			children = (
				FAC70C0925ECC386005B6A38 /* rook.obj */,
				FAE2B12F25E618F2008E38F3 /* stonewall.png */,
			);
			path = Models;
			sourceTree = "<group>";
		};
/* End PBXGroup section */

/* Begin PBXNativeTarget section */
		7399693025E1FF0800AE3215 /* BricksAndBones */ = {
			isa = PBXNativeTarget;
			buildConfigurationList = 7399694525E1FF0900AE3215 /* Build configuration list for PBXNativeTarget "BricksAndBones" */;
			buildPhases = (
				7399692D25E1FF0800AE3215 /* Sources */,
				7399692E25E1FF0800AE3215 /* Frameworks */,
				7399692F25E1FF0800AE3215 /* Resources */,
			);
			buildRules = (
			);
			dependencies = (
			);
			name = BricksAndBones;
			productName = BricksAndBones;
			productReference = 7399693125E1FF0800AE3215 /* BricksAndBones.app */;
			productType = "com.apple.product-type.application";
		};
/* End PBXNativeTarget section */

/* Begin PBXProject section */
		7399692925E1FF0800AE3215 /* Project object */ = {
			isa = PBXProject;
			attributes = {
				LastSwiftUpdateCheck = 1240;
				LastUpgradeCheck = 1240;
				TargetAttributes = {
					7399693025E1FF0800AE3215 = {
						CreatedOnToolsVersion = 12.4;
						LastSwiftMigration = 1240;
					};
				};
			};
			buildConfigurationList = 7399692C25E1FF0800AE3215 /* Build configuration list for PBXProject "BricksAndBones" */;
			compatibilityVersion = "Xcode 9.3";
			developmentRegion = en;
			hasScannedForEncodings = 0;
			knownRegions = (
				en,
				Base,
			);
			mainGroup = 7399692825E1FF0800AE3215;
			productRefGroup = 7399693225E1FF0800AE3215 /* Products */;
			projectDirPath = "";
			projectRoot = "";
			targets = (
				7399693025E1FF0800AE3215 /* BricksAndBones */,
			);
		};
/* End PBXProject section */

/* Begin PBXResourcesBuildPhase section */
		7399692F25E1FF0800AE3215 /* Resources */ = {
			isa = PBXResourcesBuildPhase;
			buildActionMask = 2147483647;
			files = (
				FA2DEC3C26159CBD003138BA /* Shader.fsh in Resources */,
				FA8811E82616865E0045B752 /* texRed.png in Resources */,
				FAE6B07E261D98A1005DE449 /* tex_6.png in Resources */,
				FA2DEC3D26159CBD003138BA /* Shader.vsh in Resources */,
				FA8811EA2616865E0045B752 /* texGreen.png in Resources */,
				FAA0E4D6261D8A430087A2DE /* Sounds in Resources */,
				7399694125E1FF0900AE3215 /* LaunchScreen.storyboard in Resources */,
				FAE4C460261FA43E00DA8A40 /* justWhite.png in Resources */,
				FAE6B07F261D98A1005DE449 /* tex_4.png in Resources */,
				FAC70C0A25ECC386005B6A38 /* rook.obj in Resources */,
				7399693E25E1FF0900AE3215 /* Assets.xcassets in Resources */,
				7399693C25E1FF0800AE3215 /* Main.storyboard in Resources */,
				FAE6B080261D98A1005DE449 /* tex_5.png in Resources */,
				FA8811E92616865E0045B752 /* texBlue.png in Resources */,
				FAE6B084261D9A24005DE449 /* gradient.png in Resources */,
				FAE2B13025E618F2008E38F3 /* stonewall.png in Resources */,
			);
			runOnlyForDeploymentPostprocessing = 0;
		};
/* End PBXResourcesBuildPhase section */

/* Begin PBXSourcesBuildPhase section */
		7399692D25E1FF0800AE3215 /* Sources */ = {
			isa = PBXSourcesBuildPhase;
			buildActionMask = 2147483647;
			files = (
				FACAF96F262E31B2005BC2B6 /* ParticleSystem.swift in Sources */,
				7399693925E1FF0800AE3215 /* ViewController.swift in Sources */,
				FA13484F261C1B4500B8BA2C /* Collision.swift in Sources */,
				B91F3A04261BFEC20039FCBE /* LonerBuilding.swift in Sources */,
				B91F39FE261BC1D20039FCBE /* Building.swift in Sources */,
				FA44F3E52624059E009835FF /* GameObject.swift in Sources */,
				B91F3A01261BE9000039FCBE /* SelfishBuilding.swift in Sources */,
				B91F3A13261C04150039FCBE /* DemolishBuilding.swift in Sources */,
				FA44F3EB26240963009835FF /* Utils.swift in Sources */,
				B91F3A0A261BFFD10039FCBE /* EmpowerBuilding.swift in Sources */,
				B91F3A0D261C01E60039FCBE /* DebuffBuilding.swift in Sources */,
				7399694A25E208AA00AE3215 /* Vertex.swift in Sources */,
				B91F3A10261C03C70039FCBE /* CopyBuilding.swift in Sources */,
				7399693525E1FF0800AE3215 /* AppDelegate.swift in Sources */,
				FA44F3E8262406B3009835FF /* MoveAnimation.swift in Sources */,
				FAE4C463261FAC0100DA8A40 /* ParticleGroup.swift in Sources */,
				B91F3A07261BFED90039FCBE /* LeaderBuilding.swift in Sources */,
				FA2DEC3E26159CBD003138BA /* GLESRenderer.cpp in Sources */,
				B9E81C4625EF2E8C00176E20 /* Grid.swift in Sources */,
				B946C0A1261D499C002A33BB /* BuildingsManager.swift in Sources */,
				FABC69F72614EC370021BB95 /* SRenderer.swift in Sources */,
				FA2DEC3B26159CBD003138BA /* Renderer.mm in Sources */,
				7399693725E1FF0800AE3215 /* SceneDelegate.swift in Sources */,
				FACAF96C262E3135005BC2B6 /* BuildAnimation2.swift in Sources */,
			);
			runOnlyForDeploymentPostprocessing = 0;
		};
/* End PBXSourcesBuildPhase section */

/* Begin PBXVariantGroup section */
		7399693A25E1FF0800AE3215 /* Main.storyboard */ = {
			isa = PBXVariantGroup;
			children = (
				7399693B25E1FF0800AE3215 /* Base */,
			);
			name = Main.storyboard;
			sourceTree = "<group>";
		};
		7399693F25E1FF0900AE3215 /* LaunchScreen.storyboard */ = {
			isa = PBXVariantGroup;
			children = (
				7399694025E1FF0900AE3215 /* Base */,
			);
			name = LaunchScreen.storyboard;
			sourceTree = "<group>";
		};
/* End PBXVariantGroup section */

/* Begin XCBuildConfiguration section */
		7399694325E1FF0900AE3215 /* Debug */ = {
			isa = XCBuildConfiguration;
			buildSettings = {
				ALWAYS_SEARCH_USER_PATHS = NO;
				CLANG_ANALYZER_NONNULL = YES;
				CLANG_ANALYZER_NUMBER_OBJECT_CONVERSION = YES_AGGRESSIVE;
				CLANG_CXX_LANGUAGE_STANDARD = "gnu++14";
				CLANG_CXX_LIBRARY = "libc++";
				CLANG_ENABLE_MODULES = YES;
				CLANG_ENABLE_OBJC_ARC = YES;
				CLANG_ENABLE_OBJC_WEAK = YES;
				CLANG_WARN_BLOCK_CAPTURE_AUTORELEASING = YES;
				CLANG_WARN_BOOL_CONVERSION = YES;
				CLANG_WARN_COMMA = YES;
				CLANG_WARN_CONSTANT_CONVERSION = YES;
				CLANG_WARN_DEPRECATED_OBJC_IMPLEMENTATIONS = YES;
				CLANG_WARN_DIRECT_OBJC_ISA_USAGE = YES_ERROR;
				CLANG_WARN_DOCUMENTATION_COMMENTS = YES;
				CLANG_WARN_EMPTY_BODY = YES;
				CLANG_WARN_ENUM_CONVERSION = YES;
				CLANG_WARN_INFINITE_RECURSION = YES;
				CLANG_WARN_INT_CONVERSION = YES;
				CLANG_WARN_NON_LITERAL_NULL_CONVERSION = YES;
				CLANG_WARN_OBJC_IMPLICIT_RETAIN_SELF = YES;
				CLANG_WARN_OBJC_LITERAL_CONVERSION = YES;
				CLANG_WARN_OBJC_ROOT_CLASS = YES_ERROR;
				CLANG_WARN_QUOTED_INCLUDE_IN_FRAMEWORK_HEADER = YES;
				CLANG_WARN_RANGE_LOOP_ANALYSIS = YES;
				CLANG_WARN_STRICT_PROTOTYPES = YES;
				CLANG_WARN_SUSPICIOUS_MOVE = YES;
				CLANG_WARN_UNGUARDED_AVAILABILITY = YES_AGGRESSIVE;
				CLANG_WARN_UNREACHABLE_CODE = YES;
				CLANG_WARN__DUPLICATE_METHOD_MATCH = YES;
				COPY_PHASE_STRIP = NO;
				DEBUG_INFORMATION_FORMAT = dwarf;
				ENABLE_STRICT_OBJC_MSGSEND = YES;
				ENABLE_TESTABILITY = YES;
				GCC_C_LANGUAGE_STANDARD = gnu11;
				GCC_DYNAMIC_NO_PIC = NO;
				GCC_NO_COMMON_BLOCKS = YES;
				GCC_OPTIMIZATION_LEVEL = 0;
				GCC_PREPROCESSOR_DEFINITIONS = (
					"DEBUG=1",
					"$(inherited)",
				);
				GCC_WARN_64_TO_32_BIT_CONVERSION = YES;
				GCC_WARN_ABOUT_RETURN_TYPE = YES_ERROR;
				GCC_WARN_UNDECLARED_SELECTOR = YES;
				GCC_WARN_UNINITIALIZED_AUTOS = YES_AGGRESSIVE;
				GCC_WARN_UNUSED_FUNCTION = YES;
				GCC_WARN_UNUSED_VARIABLE = YES;
				IPHONEOS_DEPLOYMENT_TARGET = 14.4;
				MTL_ENABLE_DEBUG_INFO = INCLUDE_SOURCE;
				MTL_FAST_MATH = YES;
				ONLY_ACTIVE_ARCH = YES;
				SDKROOT = iphoneos;
				SWIFT_ACTIVE_COMPILATION_CONDITIONS = DEBUG;
				SWIFT_OPTIMIZATION_LEVEL = "-Onone";
			};
			name = Debug;
		};
		7399694425E1FF0900AE3215 /* Release */ = {
			isa = XCBuildConfiguration;
			buildSettings = {
				ALWAYS_SEARCH_USER_PATHS = NO;
				CLANG_ANALYZER_NONNULL = YES;
				CLANG_ANALYZER_NUMBER_OBJECT_CONVERSION = YES_AGGRESSIVE;
				CLANG_CXX_LANGUAGE_STANDARD = "gnu++14";
				CLANG_CXX_LIBRARY = "libc++";
				CLANG_ENABLE_MODULES = YES;
				CLANG_ENABLE_OBJC_ARC = YES;
				CLANG_ENABLE_OBJC_WEAK = YES;
				CLANG_WARN_BLOCK_CAPTURE_AUTORELEASING = YES;
				CLANG_WARN_BOOL_CONVERSION = YES;
				CLANG_WARN_COMMA = YES;
				CLANG_WARN_CONSTANT_CONVERSION = YES;
				CLANG_WARN_DEPRECATED_OBJC_IMPLEMENTATIONS = YES;
				CLANG_WARN_DIRECT_OBJC_ISA_USAGE = YES_ERROR;
				CLANG_WARN_DOCUMENTATION_COMMENTS = YES;
				CLANG_WARN_EMPTY_BODY = YES;
				CLANG_WARN_ENUM_CONVERSION = YES;
				CLANG_WARN_INFINITE_RECURSION = YES;
				CLANG_WARN_INT_CONVERSION = YES;
				CLANG_WARN_NON_LITERAL_NULL_CONVERSION = YES;
				CLANG_WARN_OBJC_IMPLICIT_RETAIN_SELF = YES;
				CLANG_WARN_OBJC_LITERAL_CONVERSION = YES;
				CLANG_WARN_OBJC_ROOT_CLASS = YES_ERROR;
				CLANG_WARN_QUOTED_INCLUDE_IN_FRAMEWORK_HEADER = YES;
				CLANG_WARN_RANGE_LOOP_ANALYSIS = YES;
				CLANG_WARN_STRICT_PROTOTYPES = YES;
				CLANG_WARN_SUSPICIOUS_MOVE = YES;
				CLANG_WARN_UNGUARDED_AVAILABILITY = YES_AGGRESSIVE;
				CLANG_WARN_UNREACHABLE_CODE = YES;
				CLANG_WARN__DUPLICATE_METHOD_MATCH = YES;
				COPY_PHASE_STRIP = NO;
				DEBUG_INFORMATION_FORMAT = "dwarf-with-dsym";
				ENABLE_NS_ASSERTIONS = NO;
				ENABLE_STRICT_OBJC_MSGSEND = YES;
				GCC_C_LANGUAGE_STANDARD = gnu11;
				GCC_NO_COMMON_BLOCKS = YES;
				GCC_WARN_64_TO_32_BIT_CONVERSION = YES;
				GCC_WARN_ABOUT_RETURN_TYPE = YES_ERROR;
				GCC_WARN_UNDECLARED_SELECTOR = YES;
				GCC_WARN_UNINITIALIZED_AUTOS = YES_AGGRESSIVE;
				GCC_WARN_UNUSED_FUNCTION = YES;
				GCC_WARN_UNUSED_VARIABLE = YES;
				IPHONEOS_DEPLOYMENT_TARGET = 14.4;
				MTL_ENABLE_DEBUG_INFO = NO;
				MTL_FAST_MATH = YES;
				SDKROOT = iphoneos;
				SWIFT_COMPILATION_MODE = wholemodule;
				SWIFT_OPTIMIZATION_LEVEL = "-O";
				VALIDATE_PRODUCT = YES;
			};
			name = Release;
		};
		7399694625E1FF0900AE3215 /* Debug */ = {
			isa = XCBuildConfiguration;
			buildSettings = {
				ASSETCATALOG_COMPILER_APPICON_NAME = AppIcon;
				ASSETCATALOG_COMPILER_GLOBAL_ACCENT_COLOR_NAME = AccentColor;
				CLANG_ENABLE_MODULES = YES;
				CODE_SIGN_STYLE = Automatic;
				GCC_PREPROCESSOR_DEFINITIONS = (
					"GLES_SILENCE_DEPRECATION=1",
					"DEBUG=1",
					"$(inherited)",
				);
				INFOPLIST_FILE = BricksAndBones/Info.plist;
				LD_RUNPATH_SEARCH_PATHS = (
					"$(inherited)",
					"@executable_path/Frameworks",
				);
				PRODUCT_BUNDLE_IDENTIFIER = ca.btechgames.BricksAndBones;
				PRODUCT_NAME = "$(TARGET_NAME)";
				SWIFT_OBJC_BRIDGING_HEADER = "BricksAndBones/BricksAndBones-Bridging-Header.h";
				SWIFT_OPTIMIZATION_LEVEL = "-Onone";
				SWIFT_VERSION = 5.0;
				TARGETED_DEVICE_FAMILY = "1,2";
			};
			name = Debug;
		};
		7399694725E1FF0900AE3215 /* Release */ = {
			isa = XCBuildConfiguration;
			buildSettings = {
				ASSETCATALOG_COMPILER_APPICON_NAME = AppIcon;
				ASSETCATALOG_COMPILER_GLOBAL_ACCENT_COLOR_NAME = AccentColor;
				CLANG_ENABLE_MODULES = YES;
				CODE_SIGN_STYLE = Automatic;
				GCC_PREPROCESSOR_DEFINITIONS = "GLES_SILENCE_DEPRECATION=1";
				"GCC_PREPROCESSOR_DEFINITIONS[arch=*]" = "";
				INFOPLIST_FILE = BricksAndBones/Info.plist;
				LD_RUNPATH_SEARCH_PATHS = (
					"$(inherited)",
					"@executable_path/Frameworks",
				);
				PRODUCT_BUNDLE_IDENTIFIER = ca.btechgames.BricksAndBones;
				PRODUCT_NAME = "$(TARGET_NAME)";
				SWIFT_OBJC_BRIDGING_HEADER = "BricksAndBones/BricksAndBones-Bridging-Header.h";
				SWIFT_VERSION = 5.0;
				TARGETED_DEVICE_FAMILY = "1,2";
			};
			name = Release;
		};
/* End XCBuildConfiguration section */

/* Begin XCConfigurationList section */
		7399692C25E1FF0800AE3215 /* Build configuration list for PBXProject "BricksAndBones" */ = {
			isa = XCConfigurationList;
			buildConfigurations = (
				7399694325E1FF0900AE3215 /* Debug */,
				7399694425E1FF0900AE3215 /* Release */,
			);
			defaultConfigurationIsVisible = 0;
			defaultConfigurationName = Release;
		};
		7399694525E1FF0900AE3215 /* Build configuration list for PBXNativeTarget "BricksAndBones" */ = {
			isa = XCConfigurationList;
			buildConfigurations = (
				7399694625E1FF0900AE3215 /* Debug */,
				7399694725E1FF0900AE3215 /* Release */,
			);
			defaultConfigurationIsVisible = 0;
			defaultConfigurationName = Release;
		};
/* End XCConfigurationList section */
	};
	rootObject = 7399692925E1FF0800AE3215 /* Project object */;
}
