// !$*UTF8*$!
{
	archiveVersion = 1;
	classes = {
	};
	objectVersion = 50;
	objects = {

/* Begin PBXBuildFile section */
		7399693525E1FF0800AE3215 /* AppDelegate.swift in Sources */ = {isa = PBXBuildFile; fileRef = 7399693425E1FF0800AE3215 /* AppDelegate.swift */; };
		7399693725E1FF0800AE3215 /* SceneDelegate.swift in Sources */ = {isa = PBXBuildFile; fileRef = 7399693625E1FF0800AE3215 /* SceneDelegate.swift */; };
		7399693925E1FF0800AE3215 /* ViewController.swift in Sources */ = {isa = PBXBuildFile; fileRef = 7399693825E1FF0800AE3215 /* ViewController.swift */; };
		7399693C25E1FF0800AE3215 /* Main.storyboard in Resources */ = {isa = PBXBuildFile; fileRef = 7399693A25E1FF0800AE3215 /* Main.storyboard */; };
		7399693E25E1FF0900AE3215 /* Assets.xcassets in Resources */ = {isa = PBXBuildFile; fileRef = 7399693D25E1FF0900AE3215 /* Assets.xcassets */; };
		7399694125E1FF0900AE3215 /* LaunchScreen.storyboard in Resources */ = {isa = PBXBuildFile; fileRef = 7399693F25E1FF0900AE3215 /* LaunchScreen.storyboard */; };
		7399694A25E208AA00AE3215 /* Vertex.swift in Sources */ = {isa = PBXBuildFile; fileRef = 7399694925E208AA00AE3215 /* Vertex.swift */; };
		B9E81C4625EF2E8C00176E20 /* Grid.swift in Sources */ = {isa = PBXBuildFile; fileRef = B9E81C4525EF2E8C00176E20 /* Grid.swift */; };
		FA2DEC3B26159CBD003138BA /* Renderer.mm in Sources */ = {isa = PBXBuildFile; fileRef = FA2DEC3626159CBD003138BA /* Renderer.mm */; };
		FA2DEC3C26159CBD003138BA /* Shader.fsh in Resources */ = {isa = PBXBuildFile; fileRef = FA2DEC3726159CBD003138BA /* Shader.fsh */; };
		FA2DEC3D26159CBD003138BA /* Shader.vsh in Resources */ = {isa = PBXBuildFile; fileRef = FA2DEC3826159CBD003138BA /* Shader.vsh */; };
		FA2DEC3E26159CBD003138BA /* GLESRenderer.cpp in Sources */ = {isa = PBXBuildFile; fileRef = FA2DEC3A26159CBD003138BA /* GLESRenderer.cpp */; };
		FA8811E82616865E0045B752 /* texRed.png in Resources */ = {isa = PBXBuildFile; fileRef = FA8811E52616865E0045B752 /* texRed.png */; };
		FA8811E92616865E0045B752 /* texBlue.png in Resources */ = {isa = PBXBuildFile; fileRef = FA8811E62616865E0045B752 /* texBlue.png */; };
		FA8811EA2616865E0045B752 /* texGreen.png in Resources */ = {isa = PBXBuildFile; fileRef = FA8811E72616865E0045B752 /* texGreen.png */; };
		FA9E641C261D293F0066C985 /* bleep.mp3 in Resources */ = {isa = PBXBuildFile; fileRef = FA9E641A261D25B20066C985 /* bleep.mp3 */; };
		FA9E6422261D53EE0066C985 /* boop.mp3 in Resources */ = {isa = PBXBuildFile; fileRef = FA9E641E261D53EE0066C985 /* boop.mp3 */; };
		FA9E6423261D53EE0066C985 /* boing.mp3 in Resources */ = {isa = PBXBuildFile; fileRef = FA9E641F261D53EE0066C985 /* boing.mp3 */; };
		FA9E6424261D53EE0066C985 /* whoosh.mp3 in Resources */ = {isa = PBXBuildFile; fileRef = FA9E6420261D53EE0066C985 /* whoosh.mp3 */; };
		FA9E6425261D53EE0066C985 /* bubble.mp3 in Resources */ = {isa = PBXBuildFile; fileRef = FA9E6421261D53EE0066C985 /* bubble.mp3 */; };
		FA9E6428261D72480066C985 /* AVFoundation.framework in Frameworks */ = {isa = PBXBuildFile; fileRef = FA9E6427261D72480066C985 /* AVFoundation.framework */; };
		FA9E642A261D75740066C985 /* pianoBG.mp3 in Resources */ = {isa = PBXBuildFile; fileRef = FA9E6429261D75740066C985 /* pianoBG.mp3 */; };
		FA9E642D261D7A730066C985 /* skyBG.mp3 in Resources */ = {isa = PBXBuildFile; fileRef = FA9E642C261D7A730066C985 /* skyBG.mp3 */; };
		FA9E6430261D7B450066C985 /* sadBG.mp3 in Resources */ = {isa = PBXBuildFile; fileRef = FA9E642F261D7B450066C985 /* sadBG.mp3 */; };
		FA9E6434261D7DDD0066C985 /* gameover.mp3 in Resources */ = {isa = PBXBuildFile; fileRef = FA9E6432261D7DDD0066C985 /* gameover.mp3 */; };
		FA9E6435261D7DDD0066C985 /* upbeatBG.mp3 in Resources */ = {isa = PBXBuildFile; fileRef = FA9E6433261D7DDD0066C985 /* upbeatBG.mp3 */; };
		FA9E6438261D7F6F0066C985 /* victory.mp3 in Resources */ = {isa = PBXBuildFile; fileRef = FA9E6437261D7F6F0066C985 /* victory.mp3 */; };
		FAAC03AC261C455200A6277F /* AudioToolbox.framework in Frameworks */ = {isa = PBXBuildFile; fileRef = FAAC03AB261C455200A6277F /* AudioToolbox.framework */; };
		FABC69F72614EC370021BB95 /* SRenderer.swift in Sources */ = {isa = PBXBuildFile; fileRef = FABC69F62614EC370021BB95 /* SRenderer.swift */; };
		FAC70C0A25ECC386005B6A38 /* rook.obj in Resources */ = {isa = PBXBuildFile; fileRef = FAC70C0925ECC386005B6A38 /* rook.obj */; };
		FAE2B13025E618F2008E38F3 /* stonewall.png in Resources */ = {isa = PBXBuildFile; fileRef = FAE2B12F25E618F2008E38F3 /* stonewall.png */; };
/* End PBXBuildFile section */

/* Begin PBXFileReference section */
		7399693125E1FF0800AE3215 /* BricksAndBones.app */ = {isa = PBXFileReference; explicitFileType = wrapper.application; includeInIndex = 0; path = BricksAndBones.app; sourceTree = BUILT_PRODUCTS_DIR; };
		7399693425E1FF0800AE3215 /* AppDelegate.swift */ = {isa = PBXFileReference; lastKnownFileType = sourcecode.swift; path = AppDelegate.swift; sourceTree = "<group>"; };
		7399693625E1FF0800AE3215 /* SceneDelegate.swift */ = {isa = PBXFileReference; lastKnownFileType = sourcecode.swift; path = SceneDelegate.swift; sourceTree = "<group>"; };
		7399693825E1FF0800AE3215 /* ViewController.swift */ = {isa = PBXFileReference; lastKnownFileType = sourcecode.swift; path = ViewController.swift; sourceTree = "<group>"; };
		7399693B25E1FF0800AE3215 /* Base */ = {isa = PBXFileReference; lastKnownFileType = file.storyboard; name = Base; path = Base.lproj/Main.storyboard; sourceTree = "<group>"; };
		7399693D25E1FF0900AE3215 /* Assets.xcassets */ = {isa = PBXFileReference; lastKnownFileType = folder.assetcatalog; path = Assets.xcassets; sourceTree = "<group>"; };
		7399694025E1FF0900AE3215 /* Base */ = {isa = PBXFileReference; lastKnownFileType = file.storyboard; name = Base; path = Base.lproj/LaunchScreen.storyboard; sourceTree = "<group>"; };
		7399694225E1FF0900AE3215 /* Info.plist */ = {isa = PBXFileReference; lastKnownFileType = text.plist.xml; path = Info.plist; sourceTree = "<group>"; };
		7399694925E208AA00AE3215 /* Vertex.swift */ = {isa = PBXFileReference; lastKnownFileType = sourcecode.swift; path = Vertex.swift; sourceTree = "<group>"; };
		B9E81C4525EF2E8C00176E20 /* Grid.swift */ = {isa = PBXFileReference; lastKnownFileType = sourcecode.swift; path = Grid.swift; sourceTree = "<group>"; };
		FA2DEC3526159CBD003138BA /* Renderer.h */ = {isa = PBXFileReference; fileEncoding = 4; lastKnownFileType = sourcecode.c.h; path = Renderer.h; sourceTree = "<group>"; };
		FA2DEC3626159CBD003138BA /* Renderer.mm */ = {isa = PBXFileReference; fileEncoding = 4; lastKnownFileType = sourcecode.cpp.objcpp; path = Renderer.mm; sourceTree = "<group>"; };
		FA2DEC3726159CBD003138BA /* Shader.fsh */ = {isa = PBXFileReference; fileEncoding = 4; lastKnownFileType = sourcecode.glsl; path = Shader.fsh; sourceTree = "<group>"; };
		FA2DEC3826159CBD003138BA /* Shader.vsh */ = {isa = PBXFileReference; fileEncoding = 4; lastKnownFileType = sourcecode.glsl; path = Shader.vsh; sourceTree = "<group>"; };
		FA2DEC3926159CBD003138BA /* GLESRenderer.hpp */ = {isa = PBXFileReference; fileEncoding = 4; lastKnownFileType = sourcecode.cpp.h; path = GLESRenderer.hpp; sourceTree = "<group>"; };
		FA2DEC3A26159CBD003138BA /* GLESRenderer.cpp */ = {isa = PBXFileReference; fileEncoding = 4; lastKnownFileType = sourcecode.cpp.cpp; path = GLESRenderer.cpp; sourceTree = "<group>"; };
		FA2DEC4026159CFA003138BA /* BricksAndBones-Bridging-Header.h */ = {isa = PBXFileReference; fileEncoding = 4; lastKnownFileType = sourcecode.c.h; path = "BricksAndBones-Bridging-Header.h"; sourceTree = "<group>"; };
		FA8811E52616865E0045B752 /* texRed.png */ = {isa = PBXFileReference; lastKnownFileType = image.png; path = texRed.png; sourceTree = "<group>"; };
		FA8811E62616865E0045B752 /* texBlue.png */ = {isa = PBXFileReference; lastKnownFileType = image.png; path = texBlue.png; sourceTree = "<group>"; };
		FA8811E72616865E0045B752 /* texGreen.png */ = {isa = PBXFileReference; lastKnownFileType = image.png; path = texGreen.png; sourceTree = "<group>"; };
		FA9E641A261D25B20066C985 /* bleep.mp3 */ = {isa = PBXFileReference; lastKnownFileType = audio.mp3; path = bleep.mp3; sourceTree = "<group>"; };
		FA9E641E261D53EE0066C985 /* boop.mp3 */ = {isa = PBXFileReference; lastKnownFileType = audio.mp3; name = boop.mp3; path = ../../../../Sounds/boop.mp3; sourceTree = "<group>"; };
		FA9E641F261D53EE0066C985 /* boing.mp3 */ = {isa = PBXFileReference; lastKnownFileType = audio.mp3; name = boing.mp3; path = ../../../../Sounds/boing.mp3; sourceTree = "<group>"; };
		FA9E6420261D53EE0066C985 /* whoosh.mp3 */ = {isa = PBXFileReference; lastKnownFileType = audio.mp3; name = whoosh.mp3; path = ../../../../Sounds/whoosh.mp3; sourceTree = "<group>"; };
		FA9E6421261D53EE0066C985 /* bubble.mp3 */ = {isa = PBXFileReference; lastKnownFileType = audio.mp3; name = bubble.mp3; path = ../../../../Sounds/bubble.mp3; sourceTree = "<group>"; };
		FA9E6427261D72480066C985 /* AVFoundation.framework */ = {isa = PBXFileReference; lastKnownFileType = wrapper.framework; name = AVFoundation.framework; path = System/Library/Frameworks/AVFoundation.framework; sourceTree = SDKROOT; };
		FA9E6429261D75740066C985 /* pianoBG.mp3 */ = {isa = PBXFileReference; lastKnownFileType = audio.mp3; name = pianoBG.mp3; path = ../../../../Sounds/pianoBG.mp3; sourceTree = "<group>"; };
		FA9E642C261D7A730066C985 /* skyBG.mp3 */ = {isa = PBXFileReference; lastKnownFileType = audio.mp3; name = skyBG.mp3; path = ../../../../Sounds/skyBG.mp3; sourceTree = "<group>"; };
		FA9E642F261D7B450066C985 /* sadBG.mp3 */ = {isa = PBXFileReference; lastKnownFileType = audio.mp3; name = sadBG.mp3; path = ../../../../Sounds/sadBG.mp3; sourceTree = "<group>"; };
		FA9E6432261D7DDD0066C985 /* gameover.mp3 */ = {isa = PBXFileReference; lastKnownFileType = audio.mp3; name = gameover.mp3; path = ../../../../Sounds/gameover.mp3; sourceTree = "<group>"; };
		FA9E6433261D7DDD0066C985 /* upbeatBG.mp3 */ = {isa = PBXFileReference; lastKnownFileType = audio.mp3; name = upbeatBG.mp3; path = ../../../../Sounds/upbeatBG.mp3; sourceTree = "<group>"; };
		FA9E6437261D7F6F0066C985 /* victory.mp3 */ = {isa = PBXFileReference; lastKnownFileType = audio.mp3; name = victory.mp3; path = ../../../../Sounds/victory.mp3; sourceTree = "<group>"; };
		FAAC03AB261C455200A6277F /* AudioToolbox.framework */ = {isa = PBXFileReference; lastKnownFileType = wrapper.framework; name = AudioToolbox.framework; path = System/Library/Frameworks/AudioToolbox.framework; sourceTree = SDKROOT; };
		FABC69F62614EC370021BB95 /* SRenderer.swift */ = {isa = PBXFileReference; lastKnownFileType = sourcecode.swift; path = SRenderer.swift; sourceTree = "<group>"; };
		FAC70C0925ECC386005B6A38 /* rook.obj */ = {isa = PBXFileReference; fileEncoding = 4; lastKnownFileType = text; path = rook.obj; sourceTree = "<group>"; };
		FAE2B12F25E618F2008E38F3 /* stonewall.png */ = {isa = PBXFileReference; lastKnownFileType = image.png; path = stonewall.png; sourceTree = "<group>"; };
/* End PBXFileReference section */

/* Begin PBXFrameworksBuildPhase section */
		7399692E25E1FF0800AE3215 /* Frameworks */ = {
			isa = PBXFrameworksBuildPhase;
			buildActionMask = 2147483647;
			files = (
				FA9E6428261D72480066C985 /* AVFoundation.framework in Frameworks */,
				FAAC03AC261C455200A6277F /* AudioToolbox.framework in Frameworks */,
			);
			runOnlyForDeploymentPostprocessing = 0;
		};
/* End PBXFrameworksBuildPhase section */

/* Begin PBXGroup section */
		7399692825E1FF0800AE3215 = {
			isa = PBXGroup;
			children = (
				7399693325E1FF0800AE3215 /* BricksAndBones */,
				7399693225E1FF0800AE3215 /* Products */,
				FAAC03AA261C455200A6277F /* Frameworks */,
			);
			sourceTree = "<group>";
		};
		7399693225E1FF0800AE3215 /* Products */ = {
			isa = PBXGroup;
			children = (
				7399693125E1FF0800AE3215 /* BricksAndBones.app */,
			);
			name = Products;
			sourceTree = "<group>";
		};
		7399693325E1FF0800AE3215 /* BricksAndBones */ = {
			isa = PBXGroup;
			children = (
				FA8811E62616865E0045B752 /* texBlue.png */,
				FA8811E72616865E0045B752 /* texGreen.png */,
				FA8811E52616865E0045B752 /* texRed.png */,
				FA2DEC4026159CFA003138BA /* BricksAndBones-Bridging-Header.h */,
				FA2DEC3A26159CBD003138BA /* GLESRenderer.cpp */,
				FA2DEC3926159CBD003138BA /* GLESRenderer.hpp */,
				FA2DEC3526159CBD003138BA /* Renderer.h */,
				FA2DEC3626159CBD003138BA /* Renderer.mm */,
				FA2DEC3726159CBD003138BA /* Shader.fsh */,
				FA2DEC3826159CBD003138BA /* Shader.vsh */,
				7399693425E1FF0800AE3215 /* AppDelegate.swift */,
				7399693625E1FF0800AE3215 /* SceneDelegate.swift */,
				7399693825E1FF0800AE3215 /* ViewController.swift */,
				7399693A25E1FF0800AE3215 /* Main.storyboard */,
				FAF15AC225E6D25D00AB4F78 /* Models */,
				7399693D25E1FF0900AE3215 /* Assets.xcassets */,
				7399693F25E1FF0900AE3215 /* LaunchScreen.storyboard */,
				7399694225E1FF0900AE3215 /* Info.plist */,
				7399694925E208AA00AE3215 /* Vertex.swift */,
				B9E81C4525EF2E8C00176E20 /* Grid.swift */,
				FABC69F62614EC370021BB95 /* SRenderer.swift */,
				FA9E6419261D25B20066C985 /* Sounds */,
			);
			path = BricksAndBones;
			sourceTree = "<group>";
		};
		FA9E6419261D25B20066C985 /* Sounds */ = {
			isa = PBXGroup;
			children = (
				FA9E6437261D7F6F0066C985 /* victory.mp3 */,
				FA9E6432261D7DDD0066C985 /* gameover.mp3 */,
				FA9E6433261D7DDD0066C985 /* upbeatBG.mp3 */,
				FA9E642F261D7B450066C985 /* sadBG.mp3 */,
				FA9E642C261D7A730066C985 /* skyBG.mp3 */,
				FA9E6429261D75740066C985 /* pianoBG.mp3 */,
				FA9E641F261D53EE0066C985 /* boing.mp3 */,
				FA9E641E261D53EE0066C985 /* boop.mp3 */,
				FA9E6421261D53EE0066C985 /* bubble.mp3 */,
				FA9E6420261D53EE0066C985 /* whoosh.mp3 */,
				FA9E641A261D25B20066C985 /* bleep.mp3 */,
			);
			path = Sounds;
			sourceTree = "<group>";
		};
		FAAC03AA261C455200A6277F /* Frameworks */ = {
			isa = PBXGroup;
			children = (
				FA9E6427261D72480066C985 /* AVFoundation.framework */,
				FAAC03AB261C455200A6277F /* AudioToolbox.framework */,
			);
			name = Frameworks;
			sourceTree = "<group>";
		};
		FAF15AC225E6D25D00AB4F78 /* Models */ = {
			isa = PBXGroup;
			children = (
				FAC70C0925ECC386005B6A38 /* rook.obj */,
				FAE2B12F25E618F2008E38F3 /* stonewall.png */,
			);
			path = Models;
			sourceTree = "<group>";
		};
/* End PBXGroup section */

/* Begin PBXNativeTarget section */
		7399693025E1FF0800AE3215 /* BricksAndBones */ = {
			isa = PBXNativeTarget;
			buildConfigurationList = 7399694525E1FF0900AE3215 /* Build configuration list for PBXNativeTarget "BricksAndBones" */;
			buildPhases = (
				7399692D25E1FF0800AE3215 /* Sources */,
				7399692E25E1FF0800AE3215 /* Frameworks */,
				7399692F25E1FF0800AE3215 /* Resources */,
			);
			buildRules = (
			);
			dependencies = (
			);
			name = BricksAndBones;
			productName = BricksAndBones;
			productReference = 7399693125E1FF0800AE3215 /* BricksAndBones.app */;
			productType = "com.apple.product-type.application";
		};
/* End PBXNativeTarget section */

/* Begin PBXProject section */
		7399692925E1FF0800AE3215 /* Project object */ = {
			isa = PBXProject;
			attributes = {
				LastSwiftUpdateCheck = 1240;
				LastUpgradeCheck = 1240;
				TargetAttributes = {
					7399693025E1FF0800AE3215 = {
						CreatedOnToolsVersion = 12.4;
						LastSwiftMigration = 1240;
					};
				};
			};
			buildConfigurationList = 7399692C25E1FF0800AE3215 /* Build configuration list for PBXProject "BricksAndBones" */;
			compatibilityVersion = "Xcode 9.3";
			developmentRegion = en;
			hasScannedForEncodings = 0;
			knownRegions = (
				en,
				Base,
			);
			mainGroup = 7399692825E1FF0800AE3215;
			productRefGroup = 7399693225E1FF0800AE3215 /* Products */;
			projectDirPath = "";
			projectRoot = "";
			targets = (
				7399693025E1FF0800AE3215 /* BricksAndBones */,
			);
		};
/* End PBXProject section */

/* Begin PBXResourcesBuildPhase section */
		7399692F25E1FF0800AE3215 /* Resources */ = {
			isa = PBXResourcesBuildPhase;
			buildActionMask = 2147483647;
			files = (
				FA9E641C261D293F0066C985 /* bleep.mp3 in Resources */,
				FA2DEC3C26159CBD003138BA /* Shader.fsh in Resources */,
				FA9E6425261D53EE0066C985 /* bubble.mp3 in Resources */,
				FA9E642A261D75740066C985 /* pianoBG.mp3 in Resources */,
				FA9E6422261D53EE0066C985 /* boop.mp3 in Resources */,
				FA8811E82616865E0045B752 /* texRed.png in Resources */,
				FA2DEC3D26159CBD003138BA /* Shader.vsh in Resources */,
				FA8811EA2616865E0045B752 /* texGreen.png in Resources */,
				FA9E6430261D7B450066C985 /* sadBG.mp3 in Resources */,
				7399694125E1FF0900AE3215 /* LaunchScreen.storyboard in Resources */,
				FA9E6423261D53EE0066C985 /* boing.mp3 in Resources */,
				FAC70C0A25ECC386005B6A38 /* rook.obj in Resources */,
				FA9E6435261D7DDD0066C985 /* upbeatBG.mp3 in Resources */,
				7399693E25E1FF0900AE3215 /* Assets.xcassets in Resources */,
				FA9E6434261D7DDD0066C985 /* gameover.mp3 in Resources */,
				FA9E6424261D53EE0066C985 /* whoosh.mp3 in Resources */,
				7399693C25E1FF0800AE3215 /* Main.storyboard in Resources */,
				FA9E6438261D7F6F0066C985 /* victory.mp3 in Resources */,
				FA9E642D261D7A730066C985 /* skyBG.mp3 in Resources */,
				FA8811E92616865E0045B752 /* texBlue.png in Resources */,
				FAE2B13025E618F2008E38F3 /* stonewall.png in Resources */,
			);
			runOnlyForDeploymentPostprocessing = 0;
		};
/* End PBXResourcesBuildPhase section */

/* Begin PBXSourcesBuildPhase section */
		7399692D25E1FF0800AE3215 /* Sources */ = {
			isa = PBXSourcesBuildPhase;
			buildActionMask = 2147483647;
			files = (
				7399693925E1FF0800AE3215 /* ViewController.swift in Sources */,
				7399694A25E208AA00AE3215 /* Vertex.swift in Sources */,
				7399693525E1FF0800AE3215 /* AppDelegate.swift in Sources */,
				FA2DEC3E26159CBD003138BA /* GLESRenderer.cpp in Sources */,
				B9E81C4625EF2E8C00176E20 /* Grid.swift in Sources */,
				FABC69F72614EC370021BB95 /* SRenderer.swift in Sources */,
				FA2DEC3B26159CBD003138BA /* Renderer.mm in Sources */,
				7399693725E1FF0800AE3215 /* SceneDelegate.swift in Sources */,
			);
			runOnlyForDeploymentPostprocessing = 0;
		};
/* End PBXSourcesBuildPhase section */

/* Begin PBXVariantGroup section */
		7399693A25E1FF0800AE3215 /* Main.storyboard */ = {
			isa = PBXVariantGroup;
			children = (
				7399693B25E1FF0800AE3215 /* Base */,
			);
			name = Main.storyboard;
			sourceTree = "<group>";
		};
		7399693F25E1FF0900AE3215 /* LaunchScreen.storyboard */ = {
			isa = PBXVariantGroup;
			children = (
				7399694025E1FF0900AE3215 /* Base */,
			);
			name = LaunchScreen.storyboard;
			sourceTree = "<group>";
		};
/* End PBXVariantGroup section */

/* Begin XCBuildConfiguration section */
		7399694325E1FF0900AE3215 /* Debug */ = {
			isa = XCBuildConfiguration;
			buildSettings = {
				ALWAYS_SEARCH_USER_PATHS = NO;
				CLANG_ANALYZER_NONNULL = YES;
				CLANG_ANALYZER_NUMBER_OBJECT_CONVERSION = YES_AGGRESSIVE;
				CLANG_CXX_LANGUAGE_STANDARD = "gnu++14";
				CLANG_CXX_LIBRARY = "libc++";
				CLANG_ENABLE_MODULES = YES;
				CLANG_ENABLE_OBJC_ARC = YES;
				CLANG_ENABLE_OBJC_WEAK = YES;
				CLANG_WARN_BLOCK_CAPTURE_AUTORELEASING = YES;
				CLANG_WARN_BOOL_CONVERSION = YES;
				CLANG_WARN_COMMA = YES;
				CLANG_WARN_CONSTANT_CONVERSION = YES;
				CLANG_WARN_DEPRECATED_OBJC_IMPLEMENTATIONS = YES;
				CLANG_WARN_DIRECT_OBJC_ISA_USAGE = YES_ERROR;
				CLANG_WARN_DOCUMENTATION_COMMENTS = YES;
				CLANG_WARN_EMPTY_BODY = YES;
				CLANG_WARN_ENUM_CONVERSION = YES;
				CLANG_WARN_INFINITE_RECURSION = YES;
				CLANG_WARN_INT_CONVERSION = YES;
				CLANG_WARN_NON_LITERAL_NULL_CONVERSION = YES;
				CLANG_WARN_OBJC_IMPLICIT_RETAIN_SELF = YES;
				CLANG_WARN_OBJC_LITERAL_CONVERSION = YES;
				CLANG_WARN_OBJC_ROOT_CLASS = YES_ERROR;
				CLANG_WARN_QUOTED_INCLUDE_IN_FRAMEWORK_HEADER = YES;
				CLANG_WARN_RANGE_LOOP_ANALYSIS = YES;
				CLANG_WARN_STRICT_PROTOTYPES = YES;
				CLANG_WARN_SUSPICIOUS_MOVE = YES;
				CLANG_WARN_UNGUARDED_AVAILABILITY = YES_AGGRESSIVE;
				CLANG_WARN_UNREACHABLE_CODE = YES;
				CLANG_WARN__DUPLICATE_METHOD_MATCH = YES;
				COPY_PHASE_STRIP = NO;
				DEBUG_INFORMATION_FORMAT = dwarf;
				ENABLE_STRICT_OBJC_MSGSEND = YES;
				ENABLE_TESTABILITY = YES;
				GCC_C_LANGUAGE_STANDARD = gnu11;
				GCC_DYNAMIC_NO_PIC = NO;
				GCC_NO_COMMON_BLOCKS = YES;
				GCC_OPTIMIZATION_LEVEL = 0;
				GCC_PREPROCESSOR_DEFINITIONS = (
					"DEBUG=1",
					"$(inherited)",
				);
				GCC_WARN_64_TO_32_BIT_CONVERSION = YES;
				GCC_WARN_ABOUT_RETURN_TYPE = YES_ERROR;
				GCC_WARN_UNDECLARED_SELECTOR = YES;
				GCC_WARN_UNINITIALIZED_AUTOS = YES_AGGRESSIVE;
				GCC_WARN_UNUSED_FUNCTION = YES;
				GCC_WARN_UNUSED_VARIABLE = YES;
				IPHONEOS_DEPLOYMENT_TARGET = 14.4;
				MTL_ENABLE_DEBUG_INFO = INCLUDE_SOURCE;
				MTL_FAST_MATH = YES;
				ONLY_ACTIVE_ARCH = YES;
				SDKROOT = iphoneos;
				SWIFT_ACTIVE_COMPILATION_CONDITIONS = DEBUG;
				SWIFT_OPTIMIZATION_LEVEL = "-Onone";
			};
			name = Debug;
		};
		7399694425E1FF0900AE3215 /* Release */ = {
			isa = XCBuildConfiguration;
			buildSettings = {
				ALWAYS_SEARCH_USER_PATHS = NO;
				CLANG_ANALYZER_NONNULL = YES;
				CLANG_ANALYZER_NUMBER_OBJECT_CONVERSION = YES_AGGRESSIVE;
				CLANG_CXX_LANGUAGE_STANDARD = "gnu++14";
				CLANG_CXX_LIBRARY = "libc++";
				CLANG_ENABLE_MODULES = YES;
				CLANG_ENABLE_OBJC_ARC = YES;
				CLANG_ENABLE_OBJC_WEAK = YES;
				CLANG_WARN_BLOCK_CAPTURE_AUTORELEASING = YES;
				CLANG_WARN_BOOL_CONVERSION = YES;
				CLANG_WARN_COMMA = YES;
				CLANG_WARN_CONSTANT_CONVERSION = YES;
				CLANG_WARN_DEPRECATED_OBJC_IMPLEMENTATIONS = YES;
				CLANG_WARN_DIRECT_OBJC_ISA_USAGE = YES_ERROR;
				CLANG_WARN_DOCUMENTATION_COMMENTS = YES;
				CLANG_WARN_EMPTY_BODY = YES;
				CLANG_WARN_ENUM_CONVERSION = YES;
				CLANG_WARN_INFINITE_RECURSION = YES;
				CLANG_WARN_INT_CONVERSION = YES;
				CLANG_WARN_NON_LITERAL_NULL_CONVERSION = YES;
				CLANG_WARN_OBJC_IMPLICIT_RETAIN_SELF = YES;
				CLANG_WARN_OBJC_LITERAL_CONVERSION = YES;
				CLANG_WARN_OBJC_ROOT_CLASS = YES_ERROR;
				CLANG_WARN_QUOTED_INCLUDE_IN_FRAMEWORK_HEADER = YES;
				CLANG_WARN_RANGE_LOOP_ANALYSIS = YES;
				CLANG_WARN_STRICT_PROTOTYPES = YES;
				CLANG_WARN_SUSPICIOUS_MOVE = YES;
				CLANG_WARN_UNGUARDED_AVAILABILITY = YES_AGGRESSIVE;
				CLANG_WARN_UNREACHABLE_CODE = YES;
				CLANG_WARN__DUPLICATE_METHOD_MATCH = YES;
				COPY_PHASE_STRIP = NO;
				DEBUG_INFORMATION_FORMAT = "dwarf-with-dsym";
				ENABLE_NS_ASSERTIONS = NO;
				ENABLE_STRICT_OBJC_MSGSEND = YES;
				GCC_C_LANGUAGE_STANDARD = gnu11;
				GCC_NO_COMMON_BLOCKS = YES;
				GCC_WARN_64_TO_32_BIT_CONVERSION = YES;
				GCC_WARN_ABOUT_RETURN_TYPE = YES_ERROR;
				GCC_WARN_UNDECLARED_SELECTOR = YES;
				GCC_WARN_UNINITIALIZED_AUTOS = YES_AGGRESSIVE;
				GCC_WARN_UNUSED_FUNCTION = YES;
				GCC_WARN_UNUSED_VARIABLE = YES;
				IPHONEOS_DEPLOYMENT_TARGET = 14.4;
				MTL_ENABLE_DEBUG_INFO = NO;
				MTL_FAST_MATH = YES;
				SDKROOT = iphoneos;
				SWIFT_COMPILATION_MODE = wholemodule;
				SWIFT_OPTIMIZATION_LEVEL = "-O";
				VALIDATE_PRODUCT = YES;
			};
			name = Release;
		};
		7399694625E1FF0900AE3215 /* Debug */ = {
			isa = XCBuildConfiguration;
			buildSettings = {
				ASSETCATALOG_COMPILER_APPICON_NAME = AppIcon;
				ASSETCATALOG_COMPILER_GLOBAL_ACCENT_COLOR_NAME = AccentColor;
				CLANG_ENABLE_MODULES = YES;
				CODE_SIGN_STYLE = Automatic;
				GCC_PREPROCESSOR_DEFINITIONS = (
					"GLES_SILENCE_DEPRECATION=1",
					"DEBUG=1",
					"$(inherited)",
				);
				INFOPLIST_FILE = BricksAndBones/Info.plist;
				LD_RUNPATH_SEARCH_PATHS = (
					"$(inherited)",
					"@executable_path/Frameworks",
				);
				PRODUCT_BUNDLE_IDENTIFIER = ca.btechgames.BricksAndBones;
				PRODUCT_NAME = "$(TARGET_NAME)";
				SWIFT_OBJC_BRIDGING_HEADER = "BricksAndBones/BricksAndBones-Bridging-Header.h";
				SWIFT_OPTIMIZATION_LEVEL = "-Onone";
				SWIFT_VERSION = 5.0;
				TARGETED_DEVICE_FAMILY = "1,2";
			};
			name = Debug;
		};
		7399694725E1FF0900AE3215 /* Release */ = {
			isa = XCBuildConfiguration;
			buildSettings = {
				ASSETCATALOG_COMPILER_APPICON_NAME = AppIcon;
				ASSETCATALOG_COMPILER_GLOBAL_ACCENT_COLOR_NAME = AccentColor;
				CLANG_ENABLE_MODULES = YES;
				CODE_SIGN_STYLE = Automatic;
				GCC_PREPROCESSOR_DEFINITIONS = "GLES_SILENCE_DEPRECATION=1";
				"GCC_PREPROCESSOR_DEFINITIONS[arch=*]" = "";
				INFOPLIST_FILE = BricksAndBones/Info.plist;
				LD_RUNPATH_SEARCH_PATHS = (
					"$(inherited)",
					"@executable_path/Frameworks",
				);
				PRODUCT_BUNDLE_IDENTIFIER = ca.btechgames.BricksAndBones;
				PRODUCT_NAME = "$(TARGET_NAME)";
				SWIFT_OBJC_BRIDGING_HEADER = "BricksAndBones/BricksAndBones-Bridging-Header.h";
				SWIFT_VERSION = 5.0;
				TARGETED_DEVICE_FAMILY = "1,2";
			};
			name = Release;
		};
/* End XCBuildConfiguration section */

/* Begin XCConfigurationList section */
		7399692C25E1FF0800AE3215 /* Build configuration list for PBXProject "BricksAndBones" */ = {
			isa = XCConfigurationList;
			buildConfigurations = (
				7399694325E1FF0900AE3215 /* Debug */,
				7399694425E1FF0900AE3215 /* Release */,
			);
			defaultConfigurationIsVisible = 0;
			defaultConfigurationName = Release;
		};
		7399694525E1FF0900AE3215 /* Build configuration list for PBXNativeTarget "BricksAndBones" */ = {
			isa = XCConfigurationList;
			buildConfigurations = (
				7399694625E1FF0900AE3215 /* Debug */,
				7399694725E1FF0900AE3215 /* Release */,
			);
			defaultConfigurationIsVisible = 0;
			defaultConfigurationName = Release;
		};
/* End XCConfigurationList section */
	};
	rootObject = 7399692925E1FF0800AE3215 /* Project object */;
}
